
Microsoft Visual Studio Solution File, Format Version 12.00
# Visual Studio Version 17
VisualStudioVersion = 17.10.35122.118
MinimumVisualStudioVersion = 10.0.40219.1
Project("{9A19103F-16F7-4668-BE54-9A1E7A4F7556}") = "Guraru", "Guraru.csproj", "{295CB466-A310-4550-B002-9F1D5B422BBF}"
EndProject
Project("{9A19103F-16F7-4668-BE54-9A1E7A4F7556}") = "Repository", "..\Repository\Repository.csproj", "{BEED9607-9E12-4B6C-82BA-E5B27B51B04E}"
EndProject
Project("{FAE04EC0-301F-11D3-BF4B-00C04F79EFBC}") = "GuraruRepository", "..\GuraruRepository\GuraruRepository.csproj", "{1889AB24-8D33-437E-8F7C-4E4121A26A1D}"
EndProject
Global
	GlobalSection(SolutionConfigurationPlatforms) = preSolution
		Debug|Any CPU = Debug|Any CPU
		Release|Any CPU = Release|Any CPU
	EndGlobalSection
	GlobalSection(ProjectConfigurationPlatforms) = postSolution
		{295CB466-A310-4550-B002-9F1D5B422BBF}.Debug|Any CPU.ActiveCfg = Debug|Any CPU
		{295CB466-A310-4550-B002-9F1D5B422BBF}.Debug|Any CPU.Build.0 = Debug|Any CPU
		{295CB466-A310-4550-B002-9F1D5B422BBF}.Release|Any CPU.ActiveCfg = Release|Any CPU
		{295CB466-A310-4550-B002-9F1D5B422BBF}.Release|Any CPU.Build.0 = Release|Any CPU
		{BEED9607-9E12-4B6C-82BA-E5B27B51B04E}.Debug|Any CPU.ActiveCfg = Debug|Any CPU
		{BEED9607-9E12-4B6C-82BA-E5B27B51B04E}.Debug|Any CPU.Build.0 = Debug|Any CPU
		{BEED9607-9E12-4B6C-82BA-E5B27B51B04E}.Release|Any CPU.ActiveCfg = Release|Any CPU
		{BEED9607-9E12-4B6C-82BA-E5B27B51B04E}.Release|Any CPU.Build.0 = Release|Any CPU
		{1889AB24-8D33-437E-8F7C-4E4121A26A1D}.Debug|Any CPU.ActiveCfg = Debug|Any CPU
		{1889AB24-8D33-437E-8F7C-4E4121A26A1D}.Debug|Any CPU.Build.0 = Debug|Any CPU
		{1889AB24-8D33-437E-8F7C-4E4121A26A1D}.Release|Any CPU.ActiveCfg = Release|Any CPU
		{1889AB24-8D33-437E-8F7C-4E4121A26A1D}.Release|Any CPU.Build.0 = Release|Any CPU
	EndGlobalSection
	GlobalSection(SolutionProperties) = preSolution
		HideSolutionNode = FALSE
	EndGlobalSection
	GlobalSection(ExtensibilityGlobals) = postSolution
		SolutionGuid = {63D01551-95C8-49D6-B01C-81024ADAB039}
	EndGlobalSection
EndGlobal
